
Microsoft Visual Studio Solution File, Format Version 12.00
# Visual Studio Version 16
VisualStudioVersion = 16.0.32407.337
MinimumVisualStudioVersion = 10.0.40219.1
Project("{9A19103F-16F7-4668-BE54-9A1E7A4F7556}") = "Blazor.WebAssembly.DynamicCulture.Loader", "src\Blazor.WebAssembly.DynamicCulture.Loader\Blazor.WebAssembly.DynamicCulture.Loader.csproj", "{A23EF2E0-BA01-4392-A56A-C4C0D1DF2C4A}"
EndProject
Project("{9A19103F-16F7-4668-BE54-9A1E7A4F7556}") = "Blazor.WebAssembly.DynamicCulture", "src\Blazor.WebAssembly.DynamicCulture\Blazor.WebAssembly.DynamicCulture.csproj", "{1C774BD2-90F8-47A1-BD2A-232D12D91F01}"
EndProject
Global
	GlobalSection(SolutionConfigurationPlatforms) = preSolution
		Debug|Any CPU = Debug|Any CPU
		Release|Any CPU = Release|Any CPU
	EndGlobalSection
	GlobalSection(ProjectConfigurationPlatforms) = postSolution
		{A23EF2E0-BA01-4392-A56A-C4C0D1DF2C4A}.Debug|Any CPU.ActiveCfg = Debug|Any CPU
		{A23EF2E0-BA01-4392-A56A-C4C0D1DF2C4A}.Debug|Any CPU.Build.0 = Debug|Any CPU
		{A23EF2E0-BA01-4392-A56A-C4C0D1DF2C4A}.Release|Any CPU.ActiveCfg = Release|Any CPU
		{A23EF2E0-BA01-4392-A56A-C4C0D1DF2C4A}.Release|Any CPU.Build.0 = Release|Any CPU
		{1C774BD2-90F8-47A1-BD2A-232D12D91F01}.Debug|Any CPU.ActiveCfg = Debug|Any CPU
		{1C774BD2-90F8-47A1-BD2A-232D12D91F01}.Debug|Any CPU.Build.0 = Debug|Any CPU
		{1C774BD2-90F8-47A1-BD2A-232D12D91F01}.Release|Any CPU.ActiveCfg = Release|Any CPU
		{1C774BD2-90F8-47A1-BD2A-232D12D91F01}.Release|Any CPU.Build.0 = Release|Any CPU
	EndGlobalSection
	GlobalSection(SolutionProperties) = preSolution
		HideSolutionNode = FALSE
	EndGlobalSection
	GlobalSection(ExtensibilityGlobals) = postSolution
		SolutionGuid = {935F42FF-B7EF-4A31-ADD5-33108DC89AFC}
	EndGlobalSection
EndGlobal
