
Microsoft Visual Studio Solution File, Format Version 12.00
# Visual Studio Version 18
VisualStudioVersion = 18.0.11205.157 d18.0
MinimumVisualStudioVersion = 10.0.40219.1
Project("{9A19103F-16F7-4668-BE54-9A1E7A4F7556}") = "Blazor.WebAssembly.Sample.DynamicCulture.Server", "Blazor.WebAssembly.Sample.DynamicCulture\net6.0\Server\Blazor.WebAssembly.Sample.DynamicCulture.Server.csproj", "{88DAAD74-B3C4-41D0-95C6-7958C4ABD9FE}"
EndProject
Project("{9A19103F-16F7-4668-BE54-9A1E7A4F7556}") = "Blazor.WebAssembly.Sample.DynamicCulture.Client", "Blazor.WebAssembly.Sample.DynamicCulture\net6.0\Client\Blazor.WebAssembly.Sample.DynamicCulture.Client.csproj", "{07EB0ADF-0ED9-4FF5-8164-93543B944BE7}"
EndProject
Project("{9A19103F-16F7-4668-BE54-9A1E7A4F7556}") = "Blazor.WebAssembly.Sample.DynamicCulture.Shared", "Blazor.WebAssembly.Sample.DynamicCulture\Shared\Blazor.WebAssembly.Sample.DynamicCulture.Shared.csproj", "{1A66AF9F-C1F3-4A39-99B5-2F7992EB5F50}"
EndProject
Project("{9A19103F-16F7-4668-BE54-9A1E7A4F7556}") = "Blazor.WebAssembly.DynamicCulture.Loader", "..\src\Blazor.WebAssembly.DynamicCulture.Loader\Blazor.WebAssembly.DynamicCulture.Loader.csproj", "{F59E08B0-105F-4FC0-8039-D79C33D52DAA}"
EndProject
Project("{9A19103F-16F7-4668-BE54-9A1E7A4F7556}") = "Blazor.WebAssembly.DynamicCulture", "..\src\Blazor.WebAssembly.DynamicCulture\Blazor.WebAssembly.DynamicCulture.csproj", "{A9CAF6F7-63DF-4A6D-8F4F-AFAE2197F8DD}"
EndProject
Project("{2150E333-8FDC-42A3-9474-1A3956D46DE8}") = "Examples", "Examples", "{BE32E1D8-78CC-4FF5-A9E2-26D967857040}"
EndProject
Project("{2150E333-8FDC-42A3-9474-1A3956D46DE8}") = "net6.0", "net6.0", "{27FAE415-6776-4236-B535-B72611553885}"
EndProject
Project("{2150E333-8FDC-42A3-9474-1A3956D46DE8}") = "net7.0", "net7.0", "{1F709217-7A48-4673-A732-67E96F000CA9}"
EndProject
Project("{9A19103F-16F7-4668-BE54-9A1E7A4F7556}") = "Blazor.WebAssembly.Sample.DynamicCulture.Client", "Blazor.WebAssembly.Sample.DynamicCulture\net7.0\Client\Blazor.WebAssembly.Sample.DynamicCulture.Client.csproj", "{CAE5CCBE-EA9A-4841-B3EB-5EB804227B89}"
EndProject
Project("{9A19103F-16F7-4668-BE54-9A1E7A4F7556}") = "Blazor.WebAssembly.Sample.DynamicCulture.Server", "Blazor.WebAssembly.Sample.DynamicCulture\net7.0\Server\Blazor.WebAssembly.Sample.DynamicCulture.Server.csproj", "{EE682A14-DE0A-4445-9C7D-507459A0DFC5}"
EndProject
Project("{2150E333-8FDC-42A3-9474-1A3956D46DE8}") = "net8.0", "net8.0", "{EFE19103-0BAB-4B4E-8C70-806BDB6B27E5}"
EndProject
Project("{9A19103F-16F7-4668-BE54-9A1E7A4F7556}") = "Blazor.WebAssembly.Sample.DynamicCulture.Client", "Blazor.WebAssembly.Sample.DynamicCulture\net8.0\Client\Blazor.WebAssembly.Sample.DynamicCulture.Client.csproj", "{4008EFBC-D3FF-4B57-B1A4-189AFF947857}"
EndProject
Project("{9A19103F-16F7-4668-BE54-9A1E7A4F7556}") = "Blazor.WebAssembly.Sample.DynamicCulture.Server", "Blazor.WebAssembly.Sample.DynamicCulture\net8.0\Server\Blazor.WebAssembly.Sample.DynamicCulture.Server.csproj", "{3630E4D4-4616-46E9-BCC3-CFE5072BAED7}"
EndProject
Project("{2150E333-8FDC-42A3-9474-1A3956D46DE8}") = "net10.0", "net10.0", "{0A9634A9-C496-4480-B721-5A072C5FA372}"
EndProject
Project("{FAE04EC0-301F-11D3-BF4B-00C04F79EFBC}") = "Blazor.WebAssembly.Sample.DynamicCulture.Server", "Blazor.WebAssembly.Sample.DynamicCulture\net10.0\Server\Blazor.WebAssembly.Sample.DynamicCulture.Server.csproj", "{9E60867A-F130-2289-E9C2-64FC83F104E6}"
EndProject
Project("{FAE04EC0-301F-11D3-BF4B-00C04F79EFBC}") = "Blazor.WebAssembly.Sample.DynamicCulture.Client", "Blazor.WebAssembly.Sample.DynamicCulture\net10.0\Client\Blazor.WebAssembly.Sample.DynamicCulture.Client.csproj", "{12485E55-99B9-23A5-0788-B3011659324C}"
EndProject
Global
	GlobalSection(SolutionConfigurationPlatforms) = preSolution
		Debug|Any CPU = Debug|Any CPU
		Release|Any CPU = Release|Any CPU
	EndGlobalSection
	GlobalSection(ProjectConfigurationPlatforms) = postSolution
		{88DAAD74-B3C4-41D0-95C6-7958C4ABD9FE}.Debug|Any CPU.ActiveCfg = Debug|Any CPU
		{88DAAD74-B3C4-41D0-95C6-7958C4ABD9FE}.Debug|Any CPU.Build.0 = Debug|Any CPU
		{88DAAD74-B3C4-41D0-95C6-7958C4ABD9FE}.Release|Any CPU.ActiveCfg = Release|Any CPU
		{88DAAD74-B3C4-41D0-95C6-7958C4ABD9FE}.Release|Any CPU.Build.0 = Release|Any CPU
		{07EB0ADF-0ED9-4FF5-8164-93543B944BE7}.Debug|Any CPU.ActiveCfg = Debug|Any CPU
		{07EB0ADF-0ED9-4FF5-8164-93543B944BE7}.Debug|Any CPU.Build.0 = Debug|Any CPU
		{07EB0ADF-0ED9-4FF5-8164-93543B944BE7}.Release|Any CPU.ActiveCfg = Release|Any CPU
		{07EB0ADF-0ED9-4FF5-8164-93543B944BE7}.Release|Any CPU.Build.0 = Release|Any CPU
		{1A66AF9F-C1F3-4A39-99B5-2F7992EB5F50}.Debug|Any CPU.ActiveCfg = Debug|Any CPU
		{1A66AF9F-C1F3-4A39-99B5-2F7992EB5F50}.Debug|Any CPU.Build.0 = Debug|Any CPU
		{1A66AF9F-C1F3-4A39-99B5-2F7992EB5F50}.Release|Any CPU.ActiveCfg = Release|Any CPU
		{1A66AF9F-C1F3-4A39-99B5-2F7992EB5F50}.Release|Any CPU.Build.0 = Release|Any CPU
		{F59E08B0-105F-4FC0-8039-D79C33D52DAA}.Debug|Any CPU.ActiveCfg = Debug|Any CPU
		{F59E08B0-105F-4FC0-8039-D79C33D52DAA}.Debug|Any CPU.Build.0 = Debug|Any CPU
		{F59E08B0-105F-4FC0-8039-D79C33D52DAA}.Release|Any CPU.ActiveCfg = Release|Any CPU
		{F59E08B0-105F-4FC0-8039-D79C33D52DAA}.Release|Any CPU.Build.0 = Release|Any CPU
		{A9CAF6F7-63DF-4A6D-8F4F-AFAE2197F8DD}.Debug|Any CPU.ActiveCfg = Debug|Any CPU
		{A9CAF6F7-63DF-4A6D-8F4F-AFAE2197F8DD}.Debug|Any CPU.Build.0 = Debug|Any CPU
		{A9CAF6F7-63DF-4A6D-8F4F-AFAE2197F8DD}.Release|Any CPU.ActiveCfg = Release|Any CPU
		{A9CAF6F7-63DF-4A6D-8F4F-AFAE2197F8DD}.Release|Any CPU.Build.0 = Release|Any CPU
		{CAE5CCBE-EA9A-4841-B3EB-5EB804227B89}.Debug|Any CPU.ActiveCfg = Debug|Any CPU
		{CAE5CCBE-EA9A-4841-B3EB-5EB804227B89}.Debug|Any CPU.Build.0 = Debug|Any CPU
		{CAE5CCBE-EA9A-4841-B3EB-5EB804227B89}.Release|Any CPU.ActiveCfg = Release|Any CPU
		{CAE5CCBE-EA9A-4841-B3EB-5EB804227B89}.Release|Any CPU.Build.0 = Release|Any CPU
		{EE682A14-DE0A-4445-9C7D-507459A0DFC5}.Debug|Any CPU.ActiveCfg = Debug|Any CPU
		{EE682A14-DE0A-4445-9C7D-507459A0DFC5}.Debug|Any CPU.Build.0 = Debug|Any CPU
		{EE682A14-DE0A-4445-9C7D-507459A0DFC5}.Release|Any CPU.ActiveCfg = Release|Any CPU
		{EE682A14-DE0A-4445-9C7D-507459A0DFC5}.Release|Any CPU.Build.0 = Release|Any CPU
		{4008EFBC-D3FF-4B57-B1A4-189AFF947857}.Debug|Any CPU.ActiveCfg = Debug|Any CPU
		{4008EFBC-D3FF-4B57-B1A4-189AFF947857}.Debug|Any CPU.Build.0 = Debug|Any CPU
		{4008EFBC-D3FF-4B57-B1A4-189AFF947857}.Release|Any CPU.ActiveCfg = Release|Any CPU
		{4008EFBC-D3FF-4B57-B1A4-189AFF947857}.Release|Any CPU.Build.0 = Release|Any CPU
		{3630E4D4-4616-46E9-BCC3-CFE5072BAED7}.Debug|Any CPU.ActiveCfg = Debug|Any CPU
		{3630E4D4-4616-46E9-BCC3-CFE5072BAED7}.Debug|Any CPU.Build.0 = Debug|Any CPU
		{3630E4D4-4616-46E9-BCC3-CFE5072BAED7}.Release|Any CPU.ActiveCfg = Release|Any CPU
		{3630E4D4-4616-46E9-BCC3-CFE5072BAED7}.Release|Any CPU.Build.0 = Release|Any CPU
		{9E60867A-F130-2289-E9C2-64FC83F104E6}.Debug|Any CPU.ActiveCfg = Debug|Any CPU
		{9E60867A-F130-2289-E9C2-64FC83F104E6}.Debug|Any CPU.Build.0 = Debug|Any CPU
		{9E60867A-F130-2289-E9C2-64FC83F104E6}.Release|Any CPU.ActiveCfg = Release|Any CPU
		{9E60867A-F130-2289-E9C2-64FC83F104E6}.Release|Any CPU.Build.0 = Release|Any CPU
		{12485E55-99B9-23A5-0788-B3011659324C}.Debug|Any CPU.ActiveCfg = Debug|Any CPU
		{12485E55-99B9-23A5-0788-B3011659324C}.Debug|Any CPU.Build.0 = Debug|Any CPU
		{12485E55-99B9-23A5-0788-B3011659324C}.Release|Any CPU.ActiveCfg = Release|Any CPU
		{12485E55-99B9-23A5-0788-B3011659324C}.Release|Any CPU.Build.0 = Release|Any CPU
	EndGlobalSection
	GlobalSection(SolutionProperties) = preSolution
		HideSolutionNode = FALSE
	EndGlobalSection
	GlobalSection(NestedProjects) = preSolution
		{88DAAD74-B3C4-41D0-95C6-7958C4ABD9FE} = {27FAE415-6776-4236-B535-B72611553885}
		{07EB0ADF-0ED9-4FF5-8164-93543B944BE7} = {27FAE415-6776-4236-B535-B72611553885}
		{1A66AF9F-C1F3-4A39-99B5-2F7992EB5F50} = {BE32E1D8-78CC-4FF5-A9E2-26D967857040}
		{27FAE415-6776-4236-B535-B72611553885} = {BE32E1D8-78CC-4FF5-A9E2-26D967857040}
		{1F709217-7A48-4673-A732-67E96F000CA9} = {BE32E1D8-78CC-4FF5-A9E2-26D967857040}
		{CAE5CCBE-EA9A-4841-B3EB-5EB804227B89} = {1F709217-7A48-4673-A732-67E96F000CA9}
		{EE682A14-DE0A-4445-9C7D-507459A0DFC5} = {1F709217-7A48-4673-A732-67E96F000CA9}
		{EFE19103-0BAB-4B4E-8C70-806BDB6B27E5} = {BE32E1D8-78CC-4FF5-A9E2-26D967857040}
		{4008EFBC-D3FF-4B57-B1A4-189AFF947857} = {EFE19103-0BAB-4B4E-8C70-806BDB6B27E5}
		{3630E4D4-4616-46E9-BCC3-CFE5072BAED7} = {EFE19103-0BAB-4B4E-8C70-806BDB6B27E5}
		{0A9634A9-C496-4480-B721-5A072C5FA372} = {BE32E1D8-78CC-4FF5-A9E2-26D967857040}
		{9E60867A-F130-2289-E9C2-64FC83F104E6} = {0A9634A9-C496-4480-B721-5A072C5FA372}
		{12485E55-99B9-23A5-0788-B3011659324C} = {0A9634A9-C496-4480-B721-5A072C5FA372}
	EndGlobalSection
	GlobalSection(ExtensibilityGlobals) = postSolution
		SolutionGuid = {445F7626-0A95-4AA9-A8C8-AC991A1A0F3A}
	EndGlobalSection
EndGlobal
