
Microsoft Visual Studio Solution File, Format Version 12.00
# Visual Studio Version 17
VisualStudioVersion = 17.2.32519.379
MinimumVisualStudioVersion = 10.0.40219.1
Project("{9A19103F-16F7-4668-BE54-9A1E7A4F7556}") = "Blazor.WebAssembly.Sample.DynamicCulture.Server", "Blazor.WebAssembly.Sample.DynamicCulture\Server\Blazor.WebAssembly.Sample.DynamicCulture.Server.csproj", "{88DAAD74-B3C4-41D0-95C6-7958C4ABD9FE}"
EndProject
Project("{9A19103F-16F7-4668-BE54-9A1E7A4F7556}") = "Blazor.WebAssembly.Sample.DynamicCulture.Client", "Blazor.WebAssembly.Sample.DynamicCulture\Client\Blazor.WebAssembly.Sample.DynamicCulture.Client.csproj", "{07EB0ADF-0ED9-4FF5-8164-93543B944BE7}"
EndProject
Project("{9A19103F-16F7-4668-BE54-9A1E7A4F7556}") = "Blazor.WebAssembly.Sample.DynamicCulture.Shared", "Blazor.WebAssembly.Sample.DynamicCulture\Shared\Blazor.WebAssembly.Sample.DynamicCulture.Shared.csproj", "{1A66AF9F-C1F3-4A39-99B5-2F7992EB5F50}"
EndProject
Project("{9A19103F-16F7-4668-BE54-9A1E7A4F7556}") = "Blazor.WebAssembly.DynamicCulture.Loader", "..\src\Blazor.WebAssembly.DynamicCulture.Loader\Blazor.WebAssembly.DynamicCulture.Loader.csproj", "{F59E08B0-105F-4FC0-8039-D79C33D52DAA}"
EndProject
Project("{9A19103F-16F7-4668-BE54-9A1E7A4F7556}") = "Blazor.WebAssembly.DynamicCulture", "..\src\Blazor.WebAssembly.DynamicCulture\Blazor.WebAssembly.DynamicCulture.csproj", "{A9CAF6F7-63DF-4A6D-8F4F-AFAE2197F8DD}"
EndProject
Global
	GlobalSection(SolutionConfigurationPlatforms) = preSolution
		Debug|Any CPU = Debug|Any CPU
		Release|Any CPU = Release|Any CPU
	EndGlobalSection
	GlobalSection(ProjectConfigurationPlatforms) = postSolution
		{88DAAD74-B3C4-41D0-95C6-7958C4ABD9FE}.Debug|Any CPU.ActiveCfg = Debug|Any CPU
		{88DAAD74-B3C4-41D0-95C6-7958C4ABD9FE}.Debug|Any CPU.Build.0 = Debug|Any CPU
		{88DAAD74-B3C4-41D0-95C6-7958C4ABD9FE}.Release|Any CPU.ActiveCfg = Release|Any CPU
		{88DAAD74-B3C4-41D0-95C6-7958C4ABD9FE}.Release|Any CPU.Build.0 = Release|Any CPU
		{07EB0ADF-0ED9-4FF5-8164-93543B944BE7}.Debug|Any CPU.ActiveCfg = Debug|Any CPU
		{07EB0ADF-0ED9-4FF5-8164-93543B944BE7}.Debug|Any CPU.Build.0 = Debug|Any CPU
		{07EB0ADF-0ED9-4FF5-8164-93543B944BE7}.Release|Any CPU.ActiveCfg = Release|Any CPU
		{07EB0ADF-0ED9-4FF5-8164-93543B944BE7}.Release|Any CPU.Build.0 = Release|Any CPU
		{1A66AF9F-C1F3-4A39-99B5-2F7992EB5F50}.Debug|Any CPU.ActiveCfg = Debug|Any CPU
		{1A66AF9F-C1F3-4A39-99B5-2F7992EB5F50}.Debug|Any CPU.Build.0 = Debug|Any CPU
		{1A66AF9F-C1F3-4A39-99B5-2F7992EB5F50}.Release|Any CPU.ActiveCfg = Release|Any CPU
		{1A66AF9F-C1F3-4A39-99B5-2F7992EB5F50}.Release|Any CPU.Build.0 = Release|Any CPU
		{F59E08B0-105F-4FC0-8039-D79C33D52DAA}.Debug|Any CPU.ActiveCfg = Debug|Any CPU
		{F59E08B0-105F-4FC0-8039-D79C33D52DAA}.Debug|Any CPU.Build.0 = Debug|Any CPU
		{F59E08B0-105F-4FC0-8039-D79C33D52DAA}.Release|Any CPU.ActiveCfg = Release|Any CPU
		{F59E08B0-105F-4FC0-8039-D79C33D52DAA}.Release|Any CPU.Build.0 = Release|Any CPU
		{A9CAF6F7-63DF-4A6D-8F4F-AFAE2197F8DD}.Debug|Any CPU.ActiveCfg = Debug|Any CPU
		{A9CAF6F7-63DF-4A6D-8F4F-AFAE2197F8DD}.Debug|Any CPU.Build.0 = Debug|Any CPU
		{A9CAF6F7-63DF-4A6D-8F4F-AFAE2197F8DD}.Release|Any CPU.ActiveCfg = Release|Any CPU
		{A9CAF6F7-63DF-4A6D-8F4F-AFAE2197F8DD}.Release|Any CPU.Build.0 = Release|Any CPU
	EndGlobalSection
	GlobalSection(SolutionProperties) = preSolution
		HideSolutionNode = FALSE
	EndGlobalSection
	GlobalSection(ExtensibilityGlobals) = postSolution
		SolutionGuid = {445F7626-0A95-4AA9-A8C8-AC991A1A0F3A}
	EndGlobalSection
EndGlobal
